// !$*UTF8*$!
{
	archiveVersion = 1;
	classes = {
	};
	objectVersion = 77;
	objects = {

/* Begin PBXContainerItemProxy section */
		5CDCA3332E61D28F005597E7 /* PBXContainerItemProxy */ = {
			isa = PBXContainerItemProxy;
			containerPortal = 5CDCA3142E61D28F005597E7 /* Project object */;
			proxyType = 1;
			remoteGlobalIDString = 5CDCA31B2E61D28F005597E7;
			remoteInfo = Sheetal_Jha_Task;
		};
		5CDCA33D2E61D28F005597E7 /* PBXContainerItemProxy */ = {
			isa = PBXContainerItemProxy;
			containerPortal = 5CDCA3142E61D28F005597E7 /* Project object */;
			proxyType = 1;
			remoteGlobalIDString = 5CDCA31B2E61D28F005597E7;
			remoteInfo = Sheetal_Jha_Task;
		};
/* End PBXContainerItemProxy section */

/* Begin PBXFileReference section */
		5CDCA31C2E61D28F005597E7 /* Sheetal_Jha_Task.app */ = {isa = PBXFileReference; explicitFileType = wrapper.application; includeInIndex = 0; path = Sheetal_Jha_Task.app; sourceTree = BUILT_PRODUCTS_DIR; };
		5CDCA3322E61D28F005597E7 /* Sheetal_Jha_TaskTests.xctest */ = {isa = PBXFileReference; explicitFileType = wrapper.cfbundle; includeInIndex = 0; path = Sheetal_Jha_TaskTests.xctest; sourceTree = BUILT_PRODUCTS_DIR; };
		5CDCA33C2E61D28F005597E7 /* Sheetal_Jha_TaskUITests.xctest */ = {isa = PBXFileReference; explicitFileType = wrapper.cfbundle; includeInIndex = 0; path = Sheetal_Jha_TaskUITests.xctest; sourceTree = BUILT_PRODUCTS_DIR; };
/* End PBXFileReference section */

/* Begin PBXFileSystemSynchronizedBuildFileExceptionSet section */
		5CDCA3442E61D28F005597E7 /* Exceptions for "Sheetal_Jha_Task" folder in "Sheetal_Jha_Task" target */ = {
			isa = PBXFileSystemSynchronizedBuildFileExceptionSet;
			membershipExceptions = (
				Info.plist,
			);
			target = 5CDCA31B2E61D28F005597E7 /* Sheetal_Jha_Task */;
		};
/* End PBXFileSystemSynchronizedBuildFileExceptionSet section */

/* Begin PBXFileSystemSynchronizedRootGroup section */
		5CDCA31E2E61D28F005597E7 /* Sheetal_Jha_Task */ = {
			isa = PBXFileSystemSynchronizedRootGroup;
			exceptions = (
				5CDCA3442E61D28F005597E7 /* Exceptions for "Sheetal_Jha_Task" folder in "Sheetal_Jha_Task" target */,
			);
			path = Sheetal_Jha_Task;
			sourceTree = "<group>";
		};
		5CDCA3352E61D28F005597E7 /* Sheetal_Jha_TaskTests */ = {
			isa = PBXFileSystemSynchronizedRootGroup;
			path = Sheetal_Jha_TaskTests;
			sourceTree = "<group>";
		};
		5CDCA33F2E61D28F005597E7 /* Sheetal_Jha_TaskUITests */ = {
			isa = PBXFileSystemSynchronizedRootGroup;
			path = Sheetal_Jha_TaskUITests;
			sourceTree = "<group>";
		};
/* End PBXFileSystemSynchronizedRootGroup section */

/* Begin PBXFrameworksBuildPhase section */
		5CDCA3192E61D28F005597E7 /* Frameworks */ = {
			isa = PBXFrameworksBuildPhase;
			buildActionMask = 2147483647;
			files = (
			);
			runOnlyForDeploymentPostprocessing = 0;
		};
		5CDCA32F2E61D28F005597E7 /* Frameworks */ = {
			isa = PBXFrameworksBuildPhase;
			buildActionMask = 2147483647;
			files = (
			);
			runOnlyForDeploymentPostprocessing = 0;
		};
		5CDCA3392E61D28F005597E7 /* Frameworks */ = {
			isa = PBXFrameworksBuildPhase;
			buildActionMask = 2147483647;
			files = (
			);
			runOnlyForDeploymentPostprocessing = 0;
		};
/* End PBXFrameworksBuildPhase section */

/* Begin PBXGroup section */
		5CDCA3132E61D28F005597E7 = {
			isa = PBXGroup;
			children = (
				5CDCA31E2E61D28F005597E7 /* Sheetal_Jha_Task */,
				5CDCA3352E61D28F005597E7 /* Sheetal_Jha_TaskTests */,
				5CDCA33F2E61D28F005597E7 /* Sheetal_Jha_TaskUITests */,
				5CDCA31D2E61D28F005597E7 /* Products */,
			);
			sourceTree = "<group>";
		};
		5CDCA31D2E61D28F005597E7 /* Products */ = {
			isa = PBXGroup;
			children = (
				5CDCA31C2E61D28F005597E7 /* Sheetal_Jha_Task.app */,
				5CDCA3322E61D28F005597E7 /* Sheetal_Jha_TaskTests.xctest */,
				5CDCA33C2E61D28F005597E7 /* Sheetal_Jha_TaskUITests.xctest */,
			);
			name = Products;
			sourceTree = "<group>";
		};
/* End PBXGroup section */

/* Begin PBXNativeTarget section */
		5CDCA31B2E61D28F005597E7 /* Sheetal_Jha_Task */ = {
			isa = PBXNativeTarget;
			buildConfigurationList = 5CDCA3452E61D28F005597E7 /* Build configuration list for PBXNativeTarget "Sheetal_Jha_Task" */;
			buildPhases = (
				5CDCA3182E61D28F005597E7 /* Sources */,
				5CDCA3192E61D28F005597E7 /* Frameworks */,
				5CDCA31A2E61D28F005597E7 /* Resources */,
			);
			buildRules = (
			);
			dependencies = (
			);
			fileSystemSynchronizedGroups = (
				5CDCA31E2E61D28F005597E7 /* Sheetal_Jha_Task */,
			);
			name = Sheetal_Jha_Task;
			packageProductDependencies = (
			);
			productName = Sheetal_Jha_Task;
			productReference = 5CDCA31C2E61D28F005597E7 /* Sheetal_Jha_Task.app */;
			productType = "com.apple.product-type.application";
		};
		5CDCA3312E61D28F005597E7 /* Sheetal_Jha_TaskTests */ = {
			isa = PBXNativeTarget;
			buildConfigurationList = 5CDCA34A2E61D28F005597E7 /* Build configuration list for PBXNativeTarget "Sheetal_Jha_TaskTests" */;
			buildPhases = (
				5CDCA32E2E61D28F005597E7 /* Sources */,
				5CDCA32F2E61D28F005597E7 /* Frameworks */,
				5CDCA3302E61D28F005597E7 /* Resources */,
			);
			buildRules = (
			);
			dependencies = (
				5CDCA3342E61D28F005597E7 /* PBXTargetDependency */,
			);
			fileSystemSynchronizedGroups = (
				5CDCA3352E61D28F005597E7 /* Sheetal_Jha_TaskTests */,
			);
			name = Sheetal_Jha_TaskTests;
			packageProductDependencies = (
			);
			productName = Sheetal_Jha_TaskTests;
			productReference = 5CDCA3322E61D28F005597E7 /* Sheetal_Jha_TaskTests.xctest */;
			productType = "com.apple.product-type.bundle.unit-test";
		};
		5CDCA33B2E61D28F005597E7 /* Sheetal_Jha_TaskUITests */ = {
			isa = PBXNativeTarget;
			buildConfigurationList = 5CDCA34D2E61D28F005597E7 /* Build configuration list for PBXNativeTarget "Sheetal_Jha_TaskUITests" */;
			buildPhases = (
				5CDCA3382E61D28F005597E7 /* Sources */,
				5CDCA3392E61D28F005597E7 /* Frameworks */,
				5CDCA33A2E61D28F005597E7 /* Resources */,
			);
			buildRules = (
			);
			dependencies = (
				5CDCA33E2E61D28F005597E7 /* PBXTargetDependency */,
			);
			fileSystemSynchronizedGroups = (
				5CDCA33F2E61D28F005597E7 /* Sheetal_Jha_TaskUITests */,
			);
			name = Sheetal_Jha_TaskUITests;
			packageProductDependencies = (
			);
			productName = Sheetal_Jha_TaskUITests;
			productReference = 5CDCA33C2E61D28F005597E7 /* Sheetal_Jha_TaskUITests.xctest */;
			productType = "com.apple.product-type.bundle.ui-testing";
		};
/* End PBXNativeTarget section */

/* Begin PBXProject section */
		5CDCA3142E61D28F005597E7 /* Project object */ = {
			isa = PBXProject;
			attributes = {
				BuildIndependentTargetsInParallel = 1;
				LastSwiftUpdateCheck = 1600;
				LastUpgradeCheck = 1600;
				TargetAttributes = {
					5CDCA31B2E61D28F005597E7 = {
						CreatedOnToolsVersion = 16.0;
					};
					5CDCA3312E61D28F005597E7 = {
						CreatedOnToolsVersion = 16.0;
						TestTargetID = 5CDCA31B2E61D28F005597E7;
					};
					5CDCA33B2E61D28F005597E7 = {
						CreatedOnToolsVersion = 16.0;
						TestTargetID = 5CDCA31B2E61D28F005597E7;
					};
				};
			};
			buildConfigurationList = 5CDCA3172E61D28F005597E7 /* Build configuration list for PBXProject "Sheetal_Jha_Task" */;
			developmentRegion = en;
			hasScannedForEncodings = 0;
			knownRegions = (
				en,
				Base,
			);
			mainGroup = 5CDCA3132E61D28F005597E7;
			minimizedProjectReferenceProxies = 1;
			preferredProjectObjectVersion = 77;
			productRefGroup = 5CDCA31D2E61D28F005597E7 /* Products */;
			projectDirPath = "";
			projectRoot = "";
			targets = (
				5CDCA31B2E61D28F005597E7 /* Sheetal_Jha_Task */,
				5CDCA3312E61D28F005597E7 /* Sheetal_Jha_TaskTests */,
				5CDCA33B2E61D28F005597E7 /* Sheetal_Jha_TaskUITests */,
			);
		};
/* End PBXProject section */

/* Begin PBXResourcesBuildPhase section */
		5CDCA31A2E61D28F005597E7 /* Resources */ = {
			isa = PBXResourcesBuildPhase;
			buildActionMask = 2147483647;
			files = (
			);
			runOnlyForDeploymentPostprocessing = 0;
		};
		5CDCA3302E61D28F005597E7 /* Resources */ = {
			isa = PBXResourcesBuildPhase;
			buildActionMask = 2147483647;
			files = (
			);
			runOnlyForDeploymentPostprocessing = 0;
		};
		5CDCA33A2E61D28F005597E7 /* Resources */ = {
			isa = PBXResourcesBuildPhase;
			buildActionMask = 2147483647;
			files = (
			);
			runOnlyForDeploymentPostprocessing = 0;
		};
/* End PBXResourcesBuildPhase section */

/* Begin PBXSourcesBuildPhase section */
		5CDCA3182E61D28F005597E7 /* Sources */ = {
			isa = PBXSourcesBuildPhase;
			buildActionMask = 2147483647;
			files = (
			);
			runOnlyForDeploymentPostprocessing = 0;
		};
		5CDCA32E2E61D28F005597E7 /* Sources */ = {
			isa = PBXSourcesBuildPhase;
			buildActionMask = 2147483647;
			files = (
			);
			runOnlyForDeploymentPostprocessing = 0;
		};
		5CDCA3382E61D28F005597E7 /* Sources */ = {
			isa = PBXSourcesBuildPhase;
			buildActionMask = 2147483647;
			files = (
			);
			runOnlyForDeploymentPostprocessing = 0;
		};
/* End PBXSourcesBuildPhase section */

/* Begin PBXTargetDependency section */
		5CDCA3342E61D28F005597E7 /* PBXTargetDependency */ = {
			isa = PBXTargetDependency;
			target = 5CDCA31B2E61D28F005597E7 /* Sheetal_Jha_Task */;
			targetProxy = 5CDCA3332E61D28F005597E7 /* PBXContainerItemProxy */;
		};
		5CDCA33E2E61D28F005597E7 /* PBXTargetDependency */ = {
			isa = PBXTargetDependency;
			target = 5CDCA31B2E61D28F005597E7 /* Sheetal_Jha_Task */;
			targetProxy = 5CDCA33D2E61D28F005597E7 /* PBXContainerItemProxy */;
		};
/* End PBXTargetDependency section */

/* Begin XCBuildConfiguration section */
		5CDCA3462E61D28F005597E7 /* Debug */ = {
			isa = XCBuildConfiguration;
			buildSettings = {
				ASSETCATALOG_COMPILER_APPICON_NAME = AppIcon;
				ASSETCATALOG_COMPILER_GLOBAL_ACCENT_COLOR_NAME = AccentColor;
				CODE_SIGN_STYLE = Automatic;
				CURRENT_PROJECT_VERSION = 1;
				DEVELOPMENT_TEAM = 2H9A4MP954;
				GENERATE_INFOPLIST_FILE = YES;
				INFOPLIST_FILE = Sheetal_Jha_Task/Info.plist;
				INFOPLIST_KEY_UIApplicationSupportsIndirectInputEvents = YES;
				INFOPLIST_KEY_UILaunchStoryboardName = LaunchScreen;
				INFOPLIST_KEY_UIMainStoryboardFile = Main;
				INFOPLIST_KEY_UISupportedInterfaceOrientations_iPad = "UIInterfaceOrientationPortrait UIInterfaceOrientationPortraitUpsideDown UIInterfaceOrientationLandscapeLeft UIInterfaceOrientationLandscapeRight";
				INFOPLIST_KEY_UISupportedInterfaceOrientations_iPhone = "UIInterfaceOrientationPortrait UIInterfaceOrientationLandscapeLeft UIInterfaceOrientationLandscapeRight";
				LD_RUNPATH_SEARCH_PATHS = (
					"$(inherited)",
					"@executable_path/Frameworks",
				);
				MARKETING_VERSION = 1.0;
				PRODUCT_BUNDLE_IDENTIFIER = "sheeta.jha.Sheetal-Jha-Task";
				PRODUCT_NAME = "$(TARGET_NAME)";
				SWIFT_EMIT_LOC_STRINGS = YES;
				SWIFT_VERSION = 5.0;
				TARGETED_DEVICE_FAMILY = "1,2";
			};
			name = Debug;
		};
		5CDCA3472E61D28F005597E7 /* Release */ = {
			isa = XCBuildConfiguration;
			buildSettings = {
				ASSETCATALOG_COMPILER_APPICON_NAME = AppIcon;
				ASSETCATALOG_COMPILER_GLOBAL_ACCENT_COLOR_NAME = AccentColor;
				CODE_SIGN_STYLE = Automatic;
				CURRENT_PROJECT_VERSION = 1;
				DEVELOPMENT_TEAM = 2H9A4MP954;
				GENERATE_INFOPLIST_FILE = YES;
				INFOPLIST_FILE = Sheetal_Jha_Task/Info.plist;
				INFOPLIST_KEY_UIApplicationSupportsIndirectInputEvents = YES;
				INFOPLIST_KEY_UILaunchStoryboardName = LaunchScreen;
				INFOPLIST_KEY_UIMainStoryboardFile = Main;
				INFOPLIST_KEY_UISupportedInterfaceOrientations_iPad = "UIInterfaceOrientationPortrait UIInterfaceOrientationPortraitUpsideDown UIInterfaceOrientationLandscapeLeft UIInterfaceOrientationLandscapeRight";
				INFOPLIST_KEY_UISupportedInterfaceOrientations_iPhone = "UIInterfaceOrientationPortrait UIInterfaceOrientationLandscapeLeft UIInterfaceOrientationLandscapeRight";
				LD_RUNPATH_SEARCH_PATHS = (
					"$(inherited)",
					"@executable_path/Frameworks",
				);
				MARKETING_VERSION = 1.0;
				PRODUCT_BUNDLE_IDENTIFIER = "sheeta.jha.Sheetal-Jha-Task";
				PRODUCT_NAME = "$(TARGET_NAME)";
				SWIFT_EMIT_LOC_STRINGS = YES;
				SWIFT_VERSION = 5.0;
				TARGETED_DEVICE_FAMILY = "1,2";
			};
			name = Release;
		};
		5CDCA3482E61D28F005597E7 /* Debug */ = {
			isa = XCBuildConfiguration;
			buildSettings = {
				ALWAYS_SEARCH_USER_PATHS = NO;
				ASSETCATALOG_COMPILER_GENERATE_SWIFT_ASSET_SYMBOL_EXTENSIONS = YES;
				CLANG_ANALYZER_NONNULL = YES;
				CLANG_ANALYZER_NUMBER_OBJECT_CONVERSION = YES_AGGRESSIVE;
				CLANG_CXX_LANGUAGE_STANDARD = "gnu++20";
				CLANG_ENABLE_MODULES = YES;
				CLANG_ENABLE_OBJC_ARC = YES;
				CLANG_ENABLE_OBJC_WEAK = YES;
				CLANG_WARN_BLOCK_CAPTURE_AUTORELEASING = YES;
				CLANG_WARN_BOOL_CONVERSION = YES;
				CLANG_WARN_COMMA = YES;
				CLANG_WARN_CONSTANT_CONVERSION = YES;
				CLANG_WARN_DEPRECATED_OBJC_IMPLEMENTATIONS = YES;
				CLANG_WARN_DIRECT_OBJC_ISA_USAGE = YES_ERROR;
				CLANG_WARN_DOCUMENTATION_COMMENTS = YES;
				CLANG_WARN_EMPTY_BODY = YES;
				CLANG_WARN_ENUM_CONVERSION = YES;
				CLANG_WARN_INFINITE_RECURSION = YES;
				CLANG_WARN_INT_CONVERSION = YES;
				CLANG_WARN_NON_LITERAL_NULL_CONVERSION = YES;
				CLANG_WARN_OBJC_IMPLICIT_RETAIN_SELF = YES;
				CLANG_WARN_OBJC_LITERAL_CONVERSION = YES;
				CLANG_WARN_OBJC_ROOT_CLASS = YES_ERROR;
				CLANG_WARN_QUOTED_INCLUDE_IN_FRAMEWORK_HEADER = YES;
				CLANG_WARN_RANGE_LOOP_ANALYSIS = YES;
				CLANG_WARN_STRICT_PROTOTYPES = YES;
				CLANG_WARN_SUSPICIOUS_MOVE = YES;
				CLANG_WARN_UNGUARDED_AVAILABILITY = YES_AGGRESSIVE;
				CLANG_WARN_UNREACHABLE_CODE = YES;
				CLANG_WARN__DUPLICATE_METHOD_MATCH = YES;
				COPY_PHASE_STRIP = NO;
				DEBUG_INFORMATION_FORMAT = dwarf;
				ENABLE_STRICT_OBJC_MSGSEND = YES;
				ENABLE_TESTABILITY = YES;
				ENABLE_USER_SCRIPT_SANDBOXING = YES;
				GCC_C_LANGUAGE_STANDARD = gnu17;
				GCC_DYNAMIC_NO_PIC = NO;
				GCC_NO_COMMON_BLOCKS = YES;
				GCC_OPTIMIZATION_LEVEL = 0;
				GCC_PREPROCESSOR_DEFINITIONS = (
					"DEBUG=1",
					"$(inherited)",
				);
				GCC_WARN_64_TO_32_BIT_CONVERSION = YES;
				GCC_WARN_ABOUT_RETURN_TYPE = YES_ERROR;
				GCC_WARN_UNDECLARED_SELECTOR = YES;
				GCC_WARN_UNINITIALIZED_AUTOS = YES_AGGRESSIVE;
				GCC_WARN_UNUSED_FUNCTION = YES;
				GCC_WARN_UNUSED_VARIABLE = YES;
				IPHONEOS_DEPLOYMENT_TARGET = 18.0;
				LOCALIZATION_PREFERS_STRING_CATALOGS = YES;
				MTL_ENABLE_DEBUG_INFO = INCLUDE_SOURCE;
				MTL_FAST_MATH = YES;
				ONLY_ACTIVE_ARCH = YES;
				SDKROOT = iphoneos;
				SWIFT_ACTIVE_COMPILATION_CONDITIONS = "DEBUG $(inherited)";
				SWIFT_OPTIMIZATION_LEVEL = "-Onone";
			};
			name = Debug;
		};
		5CDCA3492E61D28F005597E7 /* Release */ = {
			isa = XCBuildConfiguration;
			buildSettings = {
				ALWAYS_SEARCH_USER_PATHS = NO;
				ASSETCATALOG_COMPILER_GENERATE_SWIFT_ASSET_SYMBOL_EXTENSIONS = YES;
				CLANG_ANALYZER_NONNULL = YES;
				CLANG_ANALYZER_NUMBER_OBJECT_CONVERSION = YES_AGGRESSIVE;
				CLANG_CXX_LANGUAGE_STANDARD = "gnu++20";
				CLANG_ENABLE_MODULES = YES;
				CLANG_ENABLE_OBJC_ARC = YES;
				CLANG_ENABLE_OBJC_WEAK = YES;
				CLANG_WARN_BLOCK_CAPTURE_AUTORELEASING = YES;
				CLANG_WARN_BOOL_CONVERSION = YES;
				CLANG_WARN_COMMA = YES;
				CLANG_WARN_CONSTANT_CONVERSION = YES;
				CLANG_WARN_DEPRECATED_OBJC_IMPLEMENTATIONS = YES;
				CLANG_WARN_DIRECT_OBJC_ISA_USAGE = YES_ERROR;
				CLANG_WARN_DOCUMENTATION_COMMENTS = YES;
				CLANG_WARN_EMPTY_BODY = YES;
				CLANG_WARN_ENUM_CONVERSION = YES;
				CLANG_WARN_INFINITE_RECURSION = YES;
				CLANG_WARN_INT_CONVERSION = YES;
				CLANG_WARN_NON_LITERAL_NULL_CONVERSION = YES;
				CLANG_WARN_OBJC_IMPLICIT_RETAIN_SELF = YES;
				CLANG_WARN_OBJC_LITERAL_CONVERSION = YES;
				CLANG_WARN_OBJC_ROOT_CLASS = YES_ERROR;
				CLANG_WARN_QUOTED_INCLUDE_IN_FRAMEWORK_HEADER = YES;
				CLANG_WARN_RANGE_LOOP_ANALYSIS = YES;
				CLANG_WARN_STRICT_PROTOTYPES = YES;
				CLANG_WARN_SUSPICIOUS_MOVE = YES;
				CLANG_WARN_UNGUARDED_AVAILABILITY = YES_AGGRESSIVE;
				CLANG_WARN_UNREACHABLE_CODE = YES;
				CLANG_WARN__DUPLICATE_METHOD_MATCH = YES;
				COPY_PHASE_STRIP = NO;
				DEBUG_INFORMATION_FORMAT = "dwarf-with-dsym";
				ENABLE_NS_ASSERTIONS = NO;
				ENABLE_STRICT_OBJC_MSGSEND = YES;
				ENABLE_USER_SCRIPT_SANDBOXING = YES;
				GCC_C_LANGUAGE_STANDARD = gnu17;
				GCC_NO_COMMON_BLOCKS = YES;
				GCC_WARN_64_TO_32_BIT_CONVERSION = YES;
				GCC_WARN_ABOUT_RETURN_TYPE = YES_ERROR;
				GCC_WARN_UNDECLARED_SELECTOR = YES;
				GCC_WARN_UNINITIALIZED_AUTOS = YES_AGGRESSIVE;
				GCC_WARN_UNUSED_FUNCTION = YES;
				GCC_WARN_UNUSED_VARIABLE = YES;
				IPHONEOS_DEPLOYMENT_TARGET = 18.0;
				LOCALIZATION_PREFERS_STRING_CATALOGS = YES;
				MTL_ENABLE_DEBUG_INFO = NO;
				MTL_FAST_MATH = YES;
				SDKROOT = iphoneos;
				SWIFT_COMPILATION_MODE = wholemodule;
				VALIDATE_PRODUCT = YES;
			};
			name = Release;
		};
		5CDCA34B2E61D28F005597E7 /* Debug */ = {
			isa = XCBuildConfiguration;
			buildSettings = {
				BUNDLE_LOADER = "$(TEST_HOST)";
				CODE_SIGN_STYLE = Automatic;
				CURRENT_PROJECT_VERSION = 1;
				DEVELOPMENT_TEAM = 2H9A4MP954;
				GENERATE_INFOPLIST_FILE = YES;
				IPHONEOS_DEPLOYMENT_TARGET = 18.0;
				MARKETING_VERSION = 1.0;
				PRODUCT_BUNDLE_IDENTIFIER = "sheeta.jha.Sheetal-Jha-TaskTests";
				PRODUCT_NAME = "$(TARGET_NAME)";
				SWIFT_EMIT_LOC_STRINGS = NO;
				SWIFT_VERSION = 5.0;
				TARGETED_DEVICE_FAMILY = "1,2";
				TEST_HOST = "$(BUILT_PRODUCTS_DIR)/Sheetal_Jha_Task.app/$(BUNDLE_EXECUTABLE_FOLDER_PATH)/Sheetal_Jha_Task";
			};
			name = Debug;
		};
		5CDCA34C2E61D28F005597E7 /* Release */ = {
			isa = XCBuildConfiguration;
			buildSettings = {
				BUNDLE_LOADER = "$(TEST_HOST)";
				CODE_SIGN_STYLE = Automatic;
				CURRENT_PROJECT_VERSION = 1;
				DEVELOPMENT_TEAM = 2H9A4MP954;
				GENERATE_INFOPLIST_FILE = YES;
				IPHONEOS_DEPLOYMENT_TARGET = 18.0;
				MARKETING_VERSION = 1.0;
				PRODUCT_BUNDLE_IDENTIFIER = "sheeta.jha.Sheetal-Jha-TaskTests";
				PRODUCT_NAME = "$(TARGET_NAME)";
				SWIFT_EMIT_LOC_STRINGS = NO;
				SWIFT_VERSION = 5.0;
				TARGETED_DEVICE_FAMILY = "1,2";
				TEST_HOST = "$(BUILT_PRODUCTS_DIR)/Sheetal_Jha_Task.app/$(BUNDLE_EXECUTABLE_FOLDER_PATH)/Sheetal_Jha_Task";
			};
			name = Release;
		};
		5CDCA34E2E61D28F005597E7 /* Debug */ = {
			isa = XCBuildConfiguration;
			buildSettings = {
				CODE_SIGN_STYLE = Automatic;
				CURRENT_PROJECT_VERSION = 1;
				DEVELOPMENT_TEAM = 2H9A4MP954;
				GENERATE_INFOPLIST_FILE = YES;
				MARKETING_VERSION = 1.0;
				PRODUCT_BUNDLE_IDENTIFIER = "sheeta.jha.Sheetal-Jha-TaskUITests";
				PRODUCT_NAME = "$(TARGET_NAME)";
				SWIFT_EMIT_LOC_STRINGS = NO;
				SWIFT_VERSION = 5.0;
				TARGETED_DEVICE_FAMILY = "1,2";
				TEST_TARGET_NAME = Sheetal_Jha_Task;
			};
			name = Debug;
		};
		5CDCA34F2E61D28F005597E7 /* Release */ = {
			isa = XCBuildConfiguration;
			buildSettings = {
				CODE_SIGN_STYLE = Automatic;
				CURRENT_PROJECT_VERSION = 1;
				DEVELOPMENT_TEAM = 2H9A4MP954;
				GENERATE_INFOPLIST_FILE = YES;
				MARKETING_VERSION = 1.0;
				PRODUCT_BUNDLE_IDENTIFIER = "sheeta.jha.Sheetal-Jha-TaskUITests";
				PRODUCT_NAME = "$(TARGET_NAME)";
				SWIFT_EMIT_LOC_STRINGS = NO;
				SWIFT_VERSION = 5.0;
				TARGETED_DEVICE_FAMILY = "1,2";
				TEST_TARGET_NAME = Sheetal_Jha_Task;
			};
			name = Release;
		};
/* End XCBuildConfiguration section */

/* Begin XCConfigurationList section */
		5CDCA3172E61D28F005597E7 /* Build configuration list for PBXProject "Sheetal_Jha_Task" */ = {
			isa = XCConfigurationList;
			buildConfigurations = (
				5CDCA3482E61D28F005597E7 /* Debug */,
				5CDCA3492E61D28F005597E7 /* Release */,
			);
			defaultConfigurationIsVisible = 0;
			defaultConfigurationName = Release;
		};
		5CDCA3452E61D28F005597E7 /* Build configuration list for PBXNativeTarget "Sheetal_Jha_Task" */ = {
			isa = XCConfigurationList;
			buildConfigurations = (
				5CDCA3462E61D28F005597E7 /* Debug */,
				5CDCA3472E61D28F005597E7 /* Release */,
			);
			defaultConfigurationIsVisible = 0;
			defaultConfigurationName = Release;
		};
		5CDCA34A2E61D28F005597E7 /* Build configuration list for PBXNativeTarget "Sheetal_Jha_TaskTests" */ = {
			isa = XCConfigurationList;
			buildConfigurations = (
				5CDCA34B2E61D28F005597E7 /* Debug */,
				5CDCA34C2E61D28F005597E7 /* Release */,
			);
			defaultConfigurationIsVisible = 0;
			defaultConfigurationName = Release;
		};
		5CDCA34D2E61D28F005597E7 /* Build configuration list for PBXNativeTarget "Sheetal_Jha_TaskUITests" */ = {
			isa = XCConfigurationList;
			buildConfigurations = (
				5CDCA34E2E61D28F005597E7 /* Debug */,
				5CDCA34F2E61D28F005597E7 /* Release */,
			);
			defaultConfigurationIsVisible = 0;
			defaultConfigurationName = Release;
		};
/* End XCConfigurationList section */
	};
	rootObject = 5CDCA3142E61D28F005597E7 /* Project object */;
}
